
Microsoft Visual Studio Solution File, Format Version 12.00
# Visual Studio Version 17
VisualStudioVersion = 17.4.33213.308
MinimumVisualStudioVersion = 10.0.40219.1
Project("{9A19103F-16F7-4668-BE54-9A1E7A4F7556}") = "ACasotaBlazorServer", "ACasotaBlazorServer\ACasotaBlazorServer.csproj", "{0108C2FB-6B3B-4F6B-9397-E76D5E4CC439}"
EndProject
Global
	GlobalSection(SolutionConfigurationPlatforms) = preSolution
		Debug|Any CPU = Debug|Any CPU
		Release|Any CPU = Release|Any CPU
	EndGlobalSection
	GlobalSection(ProjectConfigurationPlatforms) = postSolution
		{0108C2FB-6B3B-4F6B-9397-E76D5E4CC439}.Debug|Any CPU.ActiveCfg = Debug|Any CPU
		{0108C2FB-6B3B-4F6B-9397-E76D5E4CC439}.Debug|Any CPU.Build.0 = Debug|Any CPU
		{0108C2FB-6B3B-4F6B-9397-E76D5E4CC439}.Release|Any CPU.ActiveCfg = Release|Any CPU
		{0108C2FB-6B3B-4F6B-9397-E76D5E4CC439}.Release|Any CPU.Build.0 = Release|Any CPU
	EndGlobalSection
	GlobalSection(SolutionProperties) = preSolution
		HideSolutionNode = FALSE
	EndGlobalSection
	GlobalSection(ExtensibilityGlobals) = postSolution
		SolutionGuid = {1801EFCB-4114-4F98-A987-85651660A0FB}
	EndGlobalSection
EndGlobal
